
Microsoft Visual Studio Solution File, Format Version 12.00
# Visual Studio Version 17
VisualStudioVersion = 17.0.31903.59
MinimumVisualStudioVersion = 10.0.40219.1
Project("{2150E333-8FDC-42A3-9474-1A3956D46DE8}") = "Api", "Api", "{55330001-ADA2-479E-972D-ED144F657B75}"
EndProject
Project("{2150E333-8FDC-42A3-9474-1A3956D46DE8}") = "src", "src", "{8098391E-29D7-4400-9ACD-0812173E9D4F}"
EndProject
Project("{FAE04EC0-301F-11D3-BF4B-00C04F79EFBC}") = "UrlShortener.Api", "Api\src\UrlShortener.Api\UrlShortener.Api.csproj", "{8D86869A-853B-4A91-BF2A-558533ABC64A}"
EndProject
Project("{FAE04EC0-301F-11D3-BF4B-00C04F79EFBC}") = "Test", "Test\Test.csproj", "{3117651B-F1CA-4070-8A5B-D75DB5FF975A}"
EndProject
Global
	GlobalSection(SolutionConfigurationPlatforms) = preSolution
		Debug|Any CPU = Debug|Any CPU
		Release|Any CPU = Release|Any CPU
	EndGlobalSection
	GlobalSection(SolutionProperties) = preSolution
		HideSolutionNode = FALSE
	EndGlobalSection
	GlobalSection(ProjectConfigurationPlatforms) = postSolution
		{8D86869A-853B-4A91-BF2A-558533ABC64A}.Debug|Any CPU.ActiveCfg = Debug|Any CPU
		{8D86869A-853B-4A91-BF2A-558533ABC64A}.Debug|Any CPU.Build.0 = Debug|Any CPU
		{8D86869A-853B-4A91-BF2A-558533ABC64A}.Release|Any CPU.ActiveCfg = Release|Any CPU
		{8D86869A-853B-4A91-BF2A-558533ABC64A}.Release|Any CPU.Build.0 = Release|Any CPU
		{3117651B-F1CA-4070-8A5B-D75DB5FF975A}.Debug|Any CPU.ActiveCfg = Debug|Any CPU
		{3117651B-F1CA-4070-8A5B-D75DB5FF975A}.Debug|Any CPU.Build.0 = Debug|Any CPU
		{3117651B-F1CA-4070-8A5B-D75DB5FF975A}.Release|Any CPU.ActiveCfg = Release|Any CPU
		{3117651B-F1CA-4070-8A5B-D75DB5FF975A}.Release|Any CPU.Build.0 = Release|Any CPU
	EndGlobalSection
	GlobalSection(NestedProjects) = preSolution
		{8098391E-29D7-4400-9ACD-0812173E9D4F} = {55330001-ADA2-479E-972D-ED144F657B75}
		{8D86869A-853B-4A91-BF2A-558533ABC64A} = {8098391E-29D7-4400-9ACD-0812173E9D4F}
	EndGlobalSection
EndGlobal
